github.com/zh-artykbay/hw2lib v0.0.0-20210607104110-591cab2bc320 h1:JGHaHAe6lXVxq5ScykJOWy9jdNLPMHFqCILKFpoUAlg=
github.com/zh-artykbay/hw2lib v0.0.0-20210607104110-591cab2bc320/go.mod h1:PLN/RQ0d1XFEVQJf5ZSuK4yM1K4xVCO/V/g7TivBrEg=
github.com/zh-artykbay/hw2lib v1.0.0 h1:D6mi0gBm+WSlmr3VUFlhOyaX7wNrX58Y7hNcpUL/9Rg=
github.com/zh-artykbay/hw2lib v1.0.0/go.mod h1:PLN/RQ0d1XFEVQJf5ZSuK4yM1K4xVCO/V/g7TivBrEg=
github.com/zh-artykbay/hw2lib v1.0.1 h1:KrQOk5/Kx24TAzCaAn5ioy3PQ1pFJeFIUWyg984Ct8E=
github.com/zh-artykbay/hw2lib v1.0.1/go.mod h1:PLN/RQ0d1XFEVQJf5ZSuK4yM1K4xVCO/V/g7TivBrEg=
